
Microsoft Visual Studio Solution File, Format Version 12.00
# Visual Studio Version 17
VisualStudioVersion = 17.13.35931.197 d17.13
MinimumVisualStudioVersion = 10.0.40219.1
Project("{FAE04EC0-301F-11D3-BF4B-00C04F79EFBC}") = "2048", "2048\2048.csproj", "{9B8A3061-7A2F-40B8-9A4B-0D0CBCB4B124}"
EndProject
Global
	GlobalSection(SolutionConfigurationPlatforms) = preSolution
		Debug|Any CPU = Debug|Any CPU
		Release|Any CPU = Release|Any CPU
	EndGlobalSection
	GlobalSection(ProjectConfigurationPlatforms) = postSolution
		{9B8A3061-7A2F-40B8-9A4B-0D0CBCB4B124}.Debug|Any CPU.ActiveCfg = Debug|Any CPU
		{9B8A3061-7A2F-40B8-9A4B-0D0CBCB4B124}.Debug|Any CPU.Build.0 = Debug|Any CPU
		{9B8A3061-7A2F-40B8-9A4B-0D0CBCB4B124}.Release|Any CPU.ActiveCfg = Release|Any CPU
		{9B8A3061-7A2F-40B8-9A4B-0D0CBCB4B124}.Release|Any CPU.Build.0 = Release|Any CPU
	EndGlobalSection
	GlobalSection(SolutionProperties) = preSolution
		HideSolutionNode = FALSE
	EndGlobalSection
	GlobalSection(ExtensibilityGlobals) = postSolution
		SolutionGuid = {F4DF2405-52A5-4ADD-B02A-FC42EE54D7BF}
	EndGlobalSection
EndGlobal
